
Microsoft Visual Studio Solution File, Format Version 12.00
# Visual Studio 14
VisualStudioVersion = 14.0.25123.0
MinimumVisualStudioVersion = 10.0.40219.1
Project("{FAE04EC0-301F-11D3-BF4B-00C04F79EFBC}") = "HelloWorld", "HelloWorld\HelloWorld.csproj", "{858E33B7-CF98-45E8-A073-3A6D853D0489}"
EndProject
Project("{FAE04EC0-301F-11D3-BF4B-00C04F79EFBC}") = "DotnetTraining.NamespaceDemo.Library", "DotnetTraining.NamespaceDemo.Library\DotnetTraining.NamespaceDemo.Library.csproj", "{92BADA66-3ED9-4BBB-BFDB-C0010276D2C2}"
EndProject
Project("{FAE04EC0-301F-11D3-BF4B-00C04F79EFBC}") = "NextStep", "NextStep\NextStep.csproj", "{EF6FA0FF-333C-46BC-9AFF-FF4577411DC9}"
EndProject
Project("{FAE04EC0-301F-11D3-BF4B-00C04F79EFBC}") = "DotnetTraining.NextSteps.Library", "DotnetTraining.NextSteps.Library\DotnetTraining.NextSteps.Library.csproj", "{36B9419F-9014-472D-A4BA-898D81B3602A}"
EndProject
Project("{FAE04EC0-301F-11D3-BF4B-00C04F79EFBC}") = "BookingDemo", "BookingDemo\BookingDemo.csproj", "{CD330482-5EA6-4D17-862B-0598CF233ED7}"
EndProject
Project("{FAE04EC0-301F-11D3-BF4B-00C04F79EFBC}") = "CruiseBooking", "CruiseBooking\CruiseBooking.csproj", "{6AF6D307-9283-4FF6-A0ED-79104B11B98D}"
EndProject
Project("{FAE04EC0-301F-11D3-BF4B-00C04F79EFBC}") = "FileDemo", "FileDemo\FileDemo.csproj", "{4745E902-C96D-4EE6-82EC-BDEE463483F3}"
EndProject
Project("{FAE04EC0-301F-11D3-BF4B-00C04F79EFBC}") = "StringDemo", "StringDemo\StringDemo.csproj", "{7F7E7F2E-0ABE-49AD-94F5-44A7D344708C}"
EndProject
Global
	GlobalSection(SolutionConfigurationPlatforms) = preSolution
		Debug|Any CPU = Debug|Any CPU
		Release|Any CPU = Release|Any CPU
	EndGlobalSection
	GlobalSection(ProjectConfigurationPlatforms) = postSolution
		{858E33B7-CF98-45E8-A073-3A6D853D0489}.Debug|Any CPU.ActiveCfg = Debug|Any CPU
		{858E33B7-CF98-45E8-A073-3A6D853D0489}.Debug|Any CPU.Build.0 = Debug|Any CPU
		{858E33B7-CF98-45E8-A073-3A6D853D0489}.Release|Any CPU.ActiveCfg = Release|Any CPU
		{858E33B7-CF98-45E8-A073-3A6D853D0489}.Release|Any CPU.Build.0 = Release|Any CPU
		{92BADA66-3ED9-4BBB-BFDB-C0010276D2C2}.Debug|Any CPU.ActiveCfg = Debug|Any CPU
		{92BADA66-3ED9-4BBB-BFDB-C0010276D2C2}.Debug|Any CPU.Build.0 = Debug|Any CPU
		{92BADA66-3ED9-4BBB-BFDB-C0010276D2C2}.Release|Any CPU.ActiveCfg = Release|Any CPU
		{92BADA66-3ED9-4BBB-BFDB-C0010276D2C2}.Release|Any CPU.Build.0 = Release|Any CPU
		{EF6FA0FF-333C-46BC-9AFF-FF4577411DC9}.Debug|Any CPU.ActiveCfg = Debug|Any CPU
		{EF6FA0FF-333C-46BC-9AFF-FF4577411DC9}.Debug|Any CPU.Build.0 = Debug|Any CPU
		{EF6FA0FF-333C-46BC-9AFF-FF4577411DC9}.Release|Any CPU.ActiveCfg = Release|Any CPU
		{EF6FA0FF-333C-46BC-9AFF-FF4577411DC9}.Release|Any CPU.Build.0 = Release|Any CPU
		{36B9419F-9014-472D-A4BA-898D81B3602A}.Debug|Any CPU.ActiveCfg = Debug|Any CPU
		{36B9419F-9014-472D-A4BA-898D81B3602A}.Debug|Any CPU.Build.0 = Debug|Any CPU
		{36B9419F-9014-472D-A4BA-898D81B3602A}.Release|Any CPU.ActiveCfg = Release|Any CPU
		{36B9419F-9014-472D-A4BA-898D81B3602A}.Release|Any CPU.Build.0 = Release|Any CPU
		{CD330482-5EA6-4D17-862B-0598CF233ED7}.Debug|Any CPU.ActiveCfg = Debug|Any CPU
		{CD330482-5EA6-4D17-862B-0598CF233ED7}.Debug|Any CPU.Build.0 = Debug|Any CPU
		{CD330482-5EA6-4D17-862B-0598CF233ED7}.Release|Any CPU.ActiveCfg = Release|Any CPU
		{CD330482-5EA6-4D17-862B-0598CF233ED7}.Release|Any CPU.Build.0 = Release|Any CPU
		{6AF6D307-9283-4FF6-A0ED-79104B11B98D}.Debug|Any CPU.ActiveCfg = Debug|Any CPU
		{6AF6D307-9283-4FF6-A0ED-79104B11B98D}.Debug|Any CPU.Build.0 = Debug|Any CPU
		{6AF6D307-9283-4FF6-A0ED-79104B11B98D}.Release|Any CPU.ActiveCfg = Release|Any CPU
		{6AF6D307-9283-4FF6-A0ED-79104B11B98D}.Release|Any CPU.Build.0 = Release|Any CPU
		{4745E902-C96D-4EE6-82EC-BDEE463483F3}.Debug|Any CPU.ActiveCfg = Debug|Any CPU
		{4745E902-C96D-4EE6-82EC-BDEE463483F3}.Debug|Any CPU.Build.0 = Debug|Any CPU
		{4745E902-C96D-4EE6-82EC-BDEE463483F3}.Release|Any CPU.ActiveCfg = Release|Any CPU
		{4745E902-C96D-4EE6-82EC-BDEE463483F3}.Release|Any CPU.Build.0 = Release|Any CPU
		{7F7E7F2E-0ABE-49AD-94F5-44A7D344708C}.Debug|Any CPU.ActiveCfg = Debug|Any CPU
		{7F7E7F2E-0ABE-49AD-94F5-44A7D344708C}.Debug|Any CPU.Build.0 = Debug|Any CPU
		{7F7E7F2E-0ABE-49AD-94F5-44A7D344708C}.Release|Any CPU.ActiveCfg = Release|Any CPU
		{7F7E7F2E-0ABE-49AD-94F5-44A7D344708C}.Release|Any CPU.Build.0 = Release|Any CPU
	EndGlobalSection
	GlobalSection(SolutionProperties) = preSolution
		HideSolutionNode = FALSE
	EndGlobalSection
EndGlobal
